{
    "version": 4,
    "terraform_version": "1.4.5",
    "serial": 9,
    "lineage": "e9d75aba-7f04-2067-c95c-ab407e383caa",
    "outputs": {},
    "resources": [
      {
        "module": "module.linux_vm",
        "mode": "managed",
        "type": "azurerm_linux_virtual_machine",
        "name": "redhat",
        "provider": "provider[\"registry.terraform.io/hashicorp/azurerm\"]",
        "instances": [
          {
            "schema_version": 0,
            "attributes": {
              "additional_capabilities": [],
              "admin_password": "QdCe2HmLf$Bt@a8HHdzK",
              "admin_ssh_key": [
                {
                  "public_key": "ssh-rsa AAAAB3NzaC1yc2EAAAADAQABAAABgQC1Ob3Hqi75BeNCvt42NgbW/NaiyrAMI0Z+qiQD2Hm7Qh7DDjDj0vUGatRFEcBIy02EY6YEyKlXXUiQWfInvjTCT4sxKRcfyarND+urm7kW6STajlplRcu379Fv9QgdHAOM+MNHypOgYb0rutuM2HYqxJJ+KgbmQfXOUA6brB0snvEXBJnrtzwzOLuJ2K5xRXioFxLQkdBbXbt7SWpvITdDMuHU4vYd9Lf6IkScGkfcoXpFq3TKUyyObCOH8EboTAZuP5awWaEeZFxj0bFa+8Tcs2wX76VsftoCuE/Gfusw8mIGI0Y+fWG+LWGsJZjxrXEb4Sd09UoEYS5lyzuUMNOlvhLvcYYpQww7ckhD6pnmHJ8csGdwKPHyXtckChHgB8UIE/KRHo7e4twP9pLOfzgrkgARLVz2evlCWkbHosRyuHzxI3EV7OO3qr4+rTNWlVfCszSm+0VzYvVa30j/cPX1MFCMxyqQ9osmPrjrh79fGWFCU2AoWIqi/ZA08T1VpEs= paul@paul-linux\n",
                  "username": "dunAdmin"
                }
              ],
              "admin_username": "dunAdmin",
              "allow_extension_operations": true,
              "availability_set_id": "",
              "boot_diagnostics": [],
              "bypass_platform_safety_checks_on_user_schedule_enabled": false,
              "capacity_reservation_group_id": "",
              "computer_name": "dunb13-vm",
              "custom_data": null,
              "dedicated_host_group_id": "",
              "dedicated_host_id": "",
              "disable_password_authentication": true,
              "edge_zone": "",
              "encryption_at_host_enabled": false,
              "eviction_policy": "",
              "extensions_time_budget": "PT1H30M",
              "gallery_application": [],
              "id": "/subscriptions/a1f74e2d-ec58-4f9a-a112-088e3469febb/resourceGroups/dunb13/providers/Microsoft.Compute/virtualMachines/dunb13-vm",
              "identity": [],
              "license_type": "",
              "location": "westeurope",
              "max_bid_price": -1,
              "name": "dunb13-vm",
              "network_interface_ids": [
                "/subscriptions/a1f74e2d-ec58-4f9a-a112-088e3469febb/resourceGroups/dunb13/providers/Microsoft.Network/networkInterfaces/dunb13-nic"
              ],
              "os_disk": [
                {
                  "caching": "ReadWrite",
                  "diff_disk_settings": [],
                  "disk_encryption_set_id": "",
                  "disk_size_gb": 64,
                  "name": "dunb13-vmos",
                  "secure_vm_disk_encryption_set_id": "",
                  "security_encryption_type": "",
                  "storage_account_type": "Standard_LRS",
                  "write_accelerator_enabled": false
                }
              ],
              "patch_assessment_mode": "ImageDefault",
              "patch_mode": "ImageDefault",
              "plan": [],
              "platform_fault_domain": -1,
              "priority": "Regular",
              "private_ip_address": "10.0.1.6",
              "private_ip_addresses": [
                "10.0.1.6"
              ],
              "provision_vm_agent": true,
              "proximity_placement_group_id": "",
              "public_ip_address": "40.68.254.220",
              "public_ip_addresses": [
                "40.68.254.220"
              ],
              "reboot_setting": "",
              "resource_group_name": "dunb13",
              "secret": [],
              "secure_boot_enabled": false,
              "size": "Standard_D2_v2",
              "source_image_id": "",
              "source_image_reference": [
                {
                  "offer": "RHEL",
                  "publisher": "RedHat",
                  "sku": "8-LVM",
                  "version": "8.8.2023081717"
                }
              ],
              "tags": null,
              "termination_notification": null,
              "timeouts": null,
              "user_data": "",
              "virtual_machine_id": "3b061127-d285-4b0e-86ba-efafb3449aba",
              "virtual_machine_scale_set_id": "",
              "vtpm_enabled": false,
              "zone": ""
            },
            "sensitive_attributes": [],
            "private": "eyJlMmJmYjczMC1lY2FhLTExZTYtOGY4OC0zNDM2M2JjN2M0YzAiOnsiY3JlYXRlIjoyNzAwMDAwMDAwMDAwLCJkZWxldGUiOjI3MDAwMDAwMDAwMDAsInJlYWQiOjMwMDAwMDAwMDAwMCwidXBkYXRlIjoyNzAwMDAwMDAwMDAwfX0=",
            "dependencies": [
              "module.linux_vm.azurerm_network_interface.nic"
            ]
          }
        ]
      },
      {
        "module": "module.linux_vm",
        "mode": "managed",
        "type": "azurerm_network_interface",
        "name": "nic",
        "provider": "provider[\"registry.terraform.io/hashicorp/azurerm\"]",
        "instances": [
          {
            "schema_version": 0,
            "attributes": {
              "applied_dns_servers": [],
              "auxiliary_mode": "",
              "auxiliary_sku": "",
              "dns_servers": [],
              "edge_zone": "",
              "enable_accelerated_networking": false,
              "enable_ip_forwarding": false,
              "id": "/subscriptions/a1f74e2d-ec58-4f9a-a112-088e3469febb/resourceGroups/dunb13/providers/Microsoft.Network/networkInterfaces/dunb13-nic",
              "internal_dns_name_label": "",
              "internal_domain_name_suffix": "",
              "ip_configuration": [
                {
                  "gateway_load_balancer_frontend_ip_configuration_id": "",
                  "name": "dunb13-nic-config",
                  "primary": true,
                  "private_ip_address": "10.0.1.6",
                  "private_ip_address_allocation": "Static",
                  "private_ip_address_version": "IPv4",
                  "public_ip_address_id": "/subscriptions/a1f74e2d-ec58-4f9a-a112-088e3469febb/resourceGroups/dunb13/providers/Microsoft.Network/publicIPAddresses/dunb13-pub-ip-linux",
                  "subnet_id": "/subscriptions/a1f74e2d-ec58-4f9a-a112-088e3469febb/resourceGroups/dunb13/providers/Microsoft.Network/virtualNetworks/dunb13-vnet/subnets/dunb13-subnet-1"
                }
              ],
              "location": "westeurope",
              "mac_address": "00-0D-3A-27-D4-1D",
              "name": "dunb13-nic",
              "private_ip_address": "10.0.1.6",
              "private_ip_addresses": [
                "10.0.1.6"
              ],
              "resource_group_name": "dunb13",
              "tags": {},
              "timeouts": null,
              "virtual_machine_id": ""
            },
            "sensitive_attributes": [],
            "private": "eyJlMmJmYjczMC1lY2FhLTExZTYtOGY4OC0zNDM2M2JjN2M0YzAiOnsiY3JlYXRlIjoxODAwMDAwMDAwMDAwLCJkZWxldGUiOjE4MDAwMDAwMDAwMDAsInJlYWQiOjMwMDAwMDAwMDAwMCwidXBkYXRlIjoxODAwMDAwMDAwMDAwfX0=",
            "dependencies": [
              "module.public_ip.azurerm_public_ip.pub_ip",
              "module.resource_group.azurerm_resource_group.name",
              "module.subnet.azurerm_subnet.subnet",
              "module.vnet.azurerm_virtual_network.vnet"
            ]
          }
        ]
      },
      {
        "module": "module.nic-nsg",
        "mode": "managed",
        "type": "azurerm_network_interface_security_group_association",
        "name": "nic-nsg",
        "provider": "provider[\"registry.terraform.io/hashicorp/azurerm\"]",
        "instances": [
          {
            "schema_version": 0,
            "attributes": {
              "id": "/subscriptions/a1f74e2d-ec58-4f9a-a112-088e3469febb/resourceGroups/dunb13/providers/Microsoft.Network/networkInterfaces/dunb13-nic|/subscriptions/a1f74e2d-ec58-4f9a-a112-088e3469febb/resourceGroups/dunb13/providers/Microsoft.Network/networkSecurityGroups/dunb13-nsg",
              "network_interface_id": "/subscriptions/a1f74e2d-ec58-4f9a-a112-088e3469febb/resourceGroups/dunb13/providers/Microsoft.Network/networkInterfaces/dunb13-nic",
              "network_security_group_id": "/subscriptions/a1f74e2d-ec58-4f9a-a112-088e3469febb/resourceGroups/dunb13/providers/Microsoft.Network/networkSecurityGroups/dunb13-nsg",
              "timeouts": null
            },
            "sensitive_attributes": [],
            "private": "eyJlMmJmYjczMC1lY2FhLTExZTYtOGY4OC0zNDM2M2JjN2M0YzAiOnsiY3JlYXRlIjoxODAwMDAwMDAwMDAwLCJkZWxldGUiOjE4MDAwMDAwMDAwMDAsInJlYWQiOjMwMDAwMDAwMDAwMCwidXBkYXRlIjoxODAwMDAwMDAwMDAwfX0=",
            "dependencies": [
              "module.linux_vm.azurerm_network_interface.nic",
              "module.nsg.azurerm_network_security_group.nsg",
              "module.public_ip.azurerm_public_ip.pub_ip",
              "module.resource_group.azurerm_resource_group.name",
              "module.subnet.azurerm_subnet.subnet",
              "module.vnet.azurerm_virtual_network.vnet"
            ]
          }
        ]
      },
      {
        "module": "module.nsg",
        "mode": "managed",
        "type": "azurerm_network_security_group",
        "name": "nsg",
        "provider": "provider[\"registry.terraform.io/hashicorp/azurerm\"]",
        "instances": [
          {
            "schema_version": 0,
            "attributes": {
              "id": "/subscriptions/a1f74e2d-ec58-4f9a-a112-088e3469febb/resourceGroups/dunb13/providers/Microsoft.Network/networkSecurityGroups/dunb13-nsg",
              "location": "westeurope",
              "name": "dunb13-nsg",
              "resource_group_name": "dunb13",
              "security_rule": [
                {
                  "access": "Allow",
                  "description": "",
                  "destination_address_prefix": "*",
                  "destination_address_prefixes": [],
                  "destination_application_security_group_ids": [],
                  "destination_port_range": "",
                  "destination_port_ranges": [
                    "22"
                  ],
                  "direction": "Inbound",
                  "name": "nsg-rule",
                  "priority": 100,
                  "protocol": "Tcp",
                  "source_address_prefix": "*",
                  "source_address_prefixes": [],
                  "source_application_security_group_ids": [],
                  "source_port_range": "*",
                  "source_port_ranges": []
                }
              ],
              "tags": {},
              "timeouts": null
            },
            "sensitive_attributes": [],
            "private": "eyJlMmJmYjczMC1lY2FhLTExZTYtOGY4OC0zNDM2M2JjN2M0YzAiOnsiY3JlYXRlIjoxODAwMDAwMDAwMDAwLCJkZWxldGUiOjE4MDAwMDAwMDAwMDAsInJlYWQiOjMwMDAwMDAwMDAwMCwidXBkYXRlIjoxODAwMDAwMDAwMDAwfX0=",
            "dependencies": [
              "module.resource_group.azurerm_resource_group.name"
            ]
          }
        ]
      },
      {
        "module": "module.public_ip",
        "mode": "managed",
        "type": "azurerm_public_ip",
        "name": "pub_ip",
        "provider": "provider[\"registry.terraform.io/hashicorp/azurerm\"]",
        "instances": [
          {
            "schema_version": 0,
            "attributes": {
              "allocation_method": "Static",
              "ddos_protection_mode": "VirtualNetworkInherited",
              "ddos_protection_plan_id": null,
              "domain_name_label": null,
              "edge_zone": "",
              "fqdn": null,
              "id": "/subscriptions/a1f74e2d-ec58-4f9a-a112-088e3469febb/resourceGroups/dunb13/providers/Microsoft.Network/publicIPAddresses/dunb13-pub-ip-linux",
              "idle_timeout_in_minutes": 4,
              "ip_address": "40.68.254.220",
              "ip_tags": {},
              "ip_version": "IPv4",
              "location": "westeurope",
              "name": "dunb13-pub-ip-linux",
              "public_ip_prefix_id": null,
              "resource_group_name": "dunb13",
              "reverse_fqdn": null,
              "sku": "Basic",
              "sku_tier": "Regional",
              "tags": {},
              "timeouts": null,
              "zones": []
            },
            "sensitive_attributes": [],
            "private": "eyJlMmJmYjczMC1lY2FhLTExZTYtOGY4OC0zNDM2M2JjN2M0YzAiOnsiY3JlYXRlIjoxODAwMDAwMDAwMDAwLCJkZWxldGUiOjE4MDAwMDAwMDAwMDAsInJlYWQiOjMwMDAwMDAwMDAwMCwidXBkYXRlIjoxODAwMDAwMDAwMDAwfX0=",
            "dependencies": [
              "module.resource_group.azurerm_resource_group.name"
            ]
          }
        ]
      },
      {
        "module": "module.resource_group",
        "mode": "managed",
        "type": "azurerm_resource_group",
        "name": "name",
        "provider": "provider[\"registry.terraform.io/hashicorp/azurerm\"]",
        "instances": [
          {
            "schema_version": 0,
            "attributes": {
              "id": "/subscriptions/a1f74e2d-ec58-4f9a-a112-088e3469febb/resourceGroups/dunb13",
              "location": "westeurope",
              "managed_by": "",
              "name": "dunb13",
              "tags": {},
              "timeouts": null
            },
            "sensitive_attributes": [],
            "private": "eyJlMmJmYjczMC1lY2FhLTExZTYtOGY4OC0zNDM2M2JjN2M0YzAiOnsiY3JlYXRlIjo1NDAwMDAwMDAwMDAwLCJkZWxldGUiOjU0MDAwMDAwMDAwMDAsInJlYWQiOjMwMDAwMDAwMDAwMCwidXBkYXRlIjo1NDAwMDAwMDAwMDAwfX0="
          }
        ]
      },
      {
        "module": "module.subnet",
        "mode": "managed",
        "type": "azurerm_subnet",
        "name": "subnet",
        "provider": "provider[\"registry.terraform.io/hashicorp/azurerm\"]",
        "instances": [
          {
            "schema_version": 0,
            "attributes": {
              "address_prefixes": [
                "10.0.1.0/24"
              ],
              "delegation": [],
              "enforce_private_link_endpoint_network_policies": false,
              "enforce_private_link_service_network_policies": false,
              "id": "/subscriptions/a1f74e2d-ec58-4f9a-a112-088e3469febb/resourceGroups/dunb13/providers/Microsoft.Network/virtualNetworks/dunb13-vnet/subnets/dunb13-subnet-1",
              "name": "dunb13-subnet-1",
              "private_endpoint_network_policies_enabled": true,
              "private_link_service_network_policies_enabled": true,
              "resource_group_name": "dunb13",
              "service_endpoint_policy_ids": [],
              "service_endpoints": [],
              "timeouts": null,
              "virtual_network_name": "dunb13-vnet"
            },
            "sensitive_attributes": [],
            "private": "eyJlMmJmYjczMC1lY2FhLTExZTYtOGY4OC0zNDM2M2JjN2M0YzAiOnsiY3JlYXRlIjoxODAwMDAwMDAwMDAwLCJkZWxldGUiOjE4MDAwMDAwMDAwMDAsInJlYWQiOjMwMDAwMDAwMDAwMCwidXBkYXRlIjoxODAwMDAwMDAwMDAwfX0=",
            "dependencies": [
              "module.resource_group.azurerm_resource_group.name",
              "module.vnet.azurerm_virtual_network.vnet"
            ]
          }
        ]
      },
      {
        "module": "module.vnet",
        "mode": "managed",
        "type": "azurerm_virtual_network",
        "name": "vnet",
        "provider": "provider[\"registry.terraform.io/hashicorp/azurerm\"]",
        "instances": [
          {
            "schema_version": 0,
            "attributes": {
              "address_space": [
                "10.0.0.0/16"
              ],
              "bgp_community": "",
              "ddos_protection_plan": [],
              "dns_servers": [],
              "edge_zone": "",
              "encryption": [],
              "flow_timeout_in_minutes": 0,
              "guid": "a65484ac-c4d6-4e90-8252-aa93fa9668f9",
              "id": "/subscriptions/a1f74e2d-ec58-4f9a-a112-088e3469febb/resourceGroups/dunb13/providers/Microsoft.Network/virtualNetworks/dunb13-vnet",
              "location": "westeurope",
              "name": "dunb13-vnet",
              "resource_group_name": "dunb13",
              "subnet": [
                {
                  "address_prefix": "10.0.1.0/24",
                  "id": "/subscriptions/a1f74e2d-ec58-4f9a-a112-088e3469febb/resourceGroups/dunb13/providers/Microsoft.Network/virtualNetworks/dunb13-vnet/subnets/dunb13-subnet-1",
                  "name": "dunb13-subnet-1",
                  "security_group": ""
                }
              ],
              "tags": {},
              "timeouts": null
            },
            "sensitive_attributes": [],
            "private": "eyJlMmJmYjczMC1lY2FhLTExZTYtOGY4OC0zNDM2M2JjN2M0YzAiOnsiY3JlYXRlIjoxODAwMDAwMDAwMDAwLCJkZWxldGUiOjE4MDAwMDAwMDAwMDAsInJlYWQiOjMwMDAwMDAwMDAwMCwidXBkYXRlIjoxODAwMDAwMDAwMDAwfX0=",
            "dependencies": [
              "module.resource_group.azurerm_resource_group.name"
            ]
          }
        ]
      }
    ],
    "check_results": null
  }
  